
Microsoft Visual Studio Solution File, Format Version 12.00
# Visual Studio Version 17
VisualStudioVersion = 17.10.35122.118
MinimumVisualStudioVersion = 10.0.40219.1
Project("{FAE04EC0-301F-11D3-BF4B-00C04F79EFBC}") = "ConsoleProject1", "ConsoleProject1.csproj", "{3672FC55-6E37-4B49-B9D5-4F95CC0935D3}"
EndProject
Global
	GlobalSection(SolutionConfigurationPlatforms) = preSolution
		Debug|Any CPU = Debug|Any CPU
		Release|Any CPU = Release|Any CPU
	EndGlobalSection
	GlobalSection(ProjectConfigurationPlatforms) = postSolution
		{3672FC55-6E37-4B49-B9D5-4F95CC0935D3}.Debug|Any CPU.ActiveCfg = Debug|Any CPU
		{3672FC55-6E37-4B49-B9D5-4F95CC0935D3}.Debug|Any CPU.Build.0 = Debug|Any CPU
		{3672FC55-6E37-4B49-B9D5-4F95CC0935D3}.Release|Any CPU.ActiveCfg = Release|Any CPU
		{3672FC55-6E37-4B49-B9D5-4F95CC0935D3}.Release|Any CPU.Build.0 = Release|Any CPU
	EndGlobalSection
	GlobalSection(SolutionProperties) = preSolution
		HideSolutionNode = FALSE
	EndGlobalSection
	GlobalSection(ExtensibilityGlobals) = postSolution
		SolutionGuid = {1FC84D73-972E-4FC0-983B-DCCC13BC7A65}
	EndGlobalSection
EndGlobal
